<?xml version="1.0" encoding="UTF-8"?>
<CodeBlocks_project_file>
	<FileVersion major="1" minor="6"/>
	<Project>
		<Option title="SGX_enclave_to_enclave_ra"/>
		<Option makefile_is_custom="1"/>
		<Option compiler="gcc"/>
		<Option virtualFolders="CMake Files\;CMake Files\cmake\;CMake Files\utils\;CMake Files\crypto\;CMake Files\isv\;"/>
		<Build>
			<Target title="all">
				<Option working_dir="/home/ncl/adev/SGX-enclave-to-enclave-ra"/>
				<Option type="4"/>
				<MakeCommands>
					<Build command="/usr/bin/make -f &quot;/home/ncl/adev/SGX-enclave-to-enclave-ra/Makefile&quot;  VERBOSE=1 all"/>
					<CompileFile command="/usr/bin/make -f &quot;/home/ncl/adev/SGX-enclave-to-enclave-ra/Makefile&quot;  VERBOSE=1 &quot;$file&quot;"/>
					<Clean command="/usr/bin/make -f &quot;/home/ncl/adev/SGX-enclave-to-enclave-ra/Makefile&quot;  VERBOSE=1 clean"/>
					<DistClean command="/usr/bin/make -f &quot;/home/ncl/adev/SGX-enclave-to-enclave-ra/Makefile&quot;  VERBOSE=1 clean"/>
				</MakeCommands>
			</Target>
			<Target title="rebuild_cache">
				<Option working_dir="/home/ncl/adev/SGX-enclave-to-enclave-ra"/>
				<Option type="4"/>
				<MakeCommands>
					<Build command="/usr/bin/make -f &quot;/home/ncl/adev/SGX-enclave-to-enclave-ra/Makefile&quot;  VERBOSE=1 rebuild_cache"/>
					<CompileFile command="/usr/bin/make -f &quot;/home/ncl/adev/SGX-enclave-to-enclave-ra/Makefile&quot;  VERBOSE=1 &quot;$file&quot;"/>
					<Clean command="/usr/bin/make -f &quot;/home/ncl/adev/SGX-enclave-to-enclave-ra/Makefile&quot;  VERBOSE=1 clean"/>
					<DistClean command="/usr/bin/make -f &quot;/home/ncl/adev/SGX-enclave-to-enclave-ra/Makefile&quot;  VERBOSE=1 clean"/>
				</MakeCommands>
			</Target>
			<Target title="edit_cache">
				<Option working_dir="/home/ncl/adev/SGX-enclave-to-enclave-ra"/>
				<Option type="4"/>
				<MakeCommands>
					<Build command="/usr/bin/make -f &quot;/home/ncl/adev/SGX-enclave-to-enclave-ra/Makefile&quot;  VERBOSE=1 edit_cache"/>
					<CompileFile command="/usr/bin/make -f &quot;/home/ncl/adev/SGX-enclave-to-enclave-ra/Makefile&quot;  VERBOSE=1 &quot;$file&quot;"/>
					<Clean command="/usr/bin/make -f &quot;/home/ncl/adev/SGX-enclave-to-enclave-ra/Makefile&quot;  VERBOSE=1 clean"/>
					<DistClean command="/usr/bin/make -f &quot;/home/ncl/adev/SGX-enclave-to-enclave-ra/Makefile&quot;  VERBOSE=1 clean"/>
				</MakeCommands>
			</Target>
			<Target title="common">
				<Option output="/home/ncl/adev/SGX-enclave-to-enclave-ra/utils/libcommon.a" prefix_auto="0" extension_auto="0"/>
				<Option working_dir="/home/ncl/adev/SGX-enclave-to-enclave-ra/utils"/>
				<Option object_output="./"/>
				<Option type="2"/>
				<Option compiler="gcc"/>
				<Compiler>
					<Add directory="/home/ncl/linux-sgx/linux/installer/bin/sgxsdk/include"/>
				</Compiler>
				<MakeCommands>
					<Build command="/usr/bin/make -f &quot;/home/ncl/adev/SGX-enclave-to-enclave-ra/utils/Makefile&quot;  VERBOSE=1 common"/>
					<CompileFile command="/usr/bin/make -f &quot;/home/ncl/adev/SGX-enclave-to-enclave-ra/utils/Makefile&quot;  VERBOSE=1 &quot;$file&quot;"/>
					<Clean command="/usr/bin/make -f &quot;/home/ncl/adev/SGX-enclave-to-enclave-ra/utils/Makefile&quot;  VERBOSE=1 clean"/>
					<DistClean command="/usr/bin/make -f &quot;/home/ncl/adev/SGX-enclave-to-enclave-ra/utils/Makefile&quot;  VERBOSE=1 clean"/>
				</MakeCommands>
			</Target>
			<Target title="common/fast">
				<Option output="/home/ncl/adev/SGX-enclave-to-enclave-ra/utils/libcommon.a" prefix_auto="0" extension_auto="0"/>
				<Option working_dir="/home/ncl/adev/SGX-enclave-to-enclave-ra/utils"/>
				<Option object_output="./"/>
				<Option type="2"/>
				<Option compiler="gcc"/>
				<Compiler>
					<Add directory="/home/ncl/linux-sgx/linux/installer/bin/sgxsdk/include"/>
				</Compiler>
				<MakeCommands>
					<Build command="/usr/bin/make -f &quot;/home/ncl/adev/SGX-enclave-to-enclave-ra/utils/Makefile&quot;  VERBOSE=1 common/fast"/>
					<CompileFile command="/usr/bin/make -f &quot;/home/ncl/adev/SGX-enclave-to-enclave-ra/utils/Makefile&quot;  VERBOSE=1 &quot;$file&quot;"/>
					<Clean command="/usr/bin/make -f &quot;/home/ncl/adev/SGX-enclave-to-enclave-ra/utils/Makefile&quot;  VERBOSE=1 clean"/>
					<DistClean command="/usr/bin/make -f &quot;/home/ncl/adev/SGX-enclave-to-enclave-ra/utils/Makefile&quot;  VERBOSE=1 clean"/>
				</MakeCommands>
			</Target>
			<Target title="msgio">
				<Option output="/home/ncl/adev/SGX-enclave-to-enclave-ra/utils/libmsgio.a" prefix_auto="0" extension_auto="0"/>
				<Option working_dir="/home/ncl/adev/SGX-enclave-to-enclave-ra/utils"/>
				<Option object_output="./"/>
				<Option type="2"/>
				<Option compiler="gcc"/>
				<Compiler>
					<Add directory="/home/ncl/linux-sgx/linux/installer/bin/sgxsdk/include"/>
				</Compiler>
				<MakeCommands>
					<Build command="/usr/bin/make -f &quot;/home/ncl/adev/SGX-enclave-to-enclave-ra/utils/Makefile&quot;  VERBOSE=1 msgio"/>
					<CompileFile command="/usr/bin/make -f &quot;/home/ncl/adev/SGX-enclave-to-enclave-ra/utils/Makefile&quot;  VERBOSE=1 &quot;$file&quot;"/>
					<Clean command="/usr/bin/make -f &quot;/home/ncl/adev/SGX-enclave-to-enclave-ra/utils/Makefile&quot;  VERBOSE=1 clean"/>
					<DistClean command="/usr/bin/make -f &quot;/home/ncl/adev/SGX-enclave-to-enclave-ra/utils/Makefile&quot;  VERBOSE=1 clean"/>
				</MakeCommands>
			</Target>
			<Target title="msgio/fast">
				<Option output="/home/ncl/adev/SGX-enclave-to-enclave-ra/utils/libmsgio.a" prefix_auto="0" extension_auto="0"/>
				<Option working_dir="/home/ncl/adev/SGX-enclave-to-enclave-ra/utils"/>
				<Option object_output="./"/>
				<Option type="2"/>
				<Option compiler="gcc"/>
				<Compiler>
					<Add directory="/home/ncl/linux-sgx/linux/installer/bin/sgxsdk/include"/>
				</Compiler>
				<MakeCommands>
					<Build command="/usr/bin/make -f &quot;/home/ncl/adev/SGX-enclave-to-enclave-ra/utils/Makefile&quot;  VERBOSE=1 msgio/fast"/>
					<CompileFile command="/usr/bin/make -f &quot;/home/ncl/adev/SGX-enclave-to-enclave-ra/utils/Makefile&quot;  VERBOSE=1 &quot;$file&quot;"/>
					<Clean command="/usr/bin/make -f &quot;/home/ncl/adev/SGX-enclave-to-enclave-ra/utils/Makefile&quot;  VERBOSE=1 clean"/>
					<DistClean command="/usr/bin/make -f &quot;/home/ncl/adev/SGX-enclave-to-enclave-ra/utils/Makefile&quot;  VERBOSE=1 clean"/>
				</MakeCommands>
			</Target>
			<Target title="hexutil">
				<Option output="/home/ncl/adev/SGX-enclave-to-enclave-ra/utils/libhexutil.a" prefix_auto="0" extension_auto="0"/>
				<Option working_dir="/home/ncl/adev/SGX-enclave-to-enclave-ra/utils"/>
				<Option object_output="./"/>
				<Option type="2"/>
				<Option compiler="gcc"/>
				<Compiler>
					<Add directory="/home/ncl/linux-sgx/linux/installer/bin/sgxsdk/include"/>
				</Compiler>
				<MakeCommands>
					<Build command="/usr/bin/make -f &quot;/home/ncl/adev/SGX-enclave-to-enclave-ra/utils/Makefile&quot;  VERBOSE=1 hexutil"/>
					<CompileFile command="/usr/bin/make -f &quot;/home/ncl/adev/SGX-enclave-to-enclave-ra/utils/Makefile&quot;  VERBOSE=1 &quot;$file&quot;"/>
					<Clean command="/usr/bin/make -f &quot;/home/ncl/adev/SGX-enclave-to-enclave-ra/utils/Makefile&quot;  VERBOSE=1 clean"/>
					<DistClean command="/usr/bin/make -f &quot;/home/ncl/adev/SGX-enclave-to-enclave-ra/utils/Makefile&quot;  VERBOSE=1 clean"/>
				</MakeCommands>
			</Target>
			<Target title="hexutil/fast">
				<Option output="/home/ncl/adev/SGX-enclave-to-enclave-ra/utils/libhexutil.a" prefix_auto="0" extension_auto="0"/>
				<Option working_dir="/home/ncl/adev/SGX-enclave-to-enclave-ra/utils"/>
				<Option object_output="./"/>
				<Option type="2"/>
				<Option compiler="gcc"/>
				<Compiler>
					<Add directory="/home/ncl/linux-sgx/linux/installer/bin/sgxsdk/include"/>
				</Compiler>
				<MakeCommands>
					<Build command="/usr/bin/make -f &quot;/home/ncl/adev/SGX-enclave-to-enclave-ra/utils/Makefile&quot;  VERBOSE=1 hexutil/fast"/>
					<CompileFile command="/usr/bin/make -f &quot;/home/ncl/adev/SGX-enclave-to-enclave-ra/utils/Makefile&quot;  VERBOSE=1 &quot;$file&quot;"/>
					<Clean command="/usr/bin/make -f &quot;/home/ncl/adev/SGX-enclave-to-enclave-ra/utils/Makefile&quot;  VERBOSE=1 clean"/>
					<DistClean command="/usr/bin/make -f &quot;/home/ncl/adev/SGX-enclave-to-enclave-ra/utils/Makefile&quot;  VERBOSE=1 clean"/>
				</MakeCommands>
			</Target>
			<Target title="logfile">
				<Option output="/home/ncl/adev/SGX-enclave-to-enclave-ra/utils/liblogfile.a" prefix_auto="0" extension_auto="0"/>
				<Option working_dir="/home/ncl/adev/SGX-enclave-to-enclave-ra/utils"/>
				<Option object_output="./"/>
				<Option type="2"/>
				<Option compiler="gcc"/>
				<Compiler>
					<Add directory="/home/ncl/linux-sgx/linux/installer/bin/sgxsdk/include"/>
				</Compiler>
				<MakeCommands>
					<Build command="/usr/bin/make -f &quot;/home/ncl/adev/SGX-enclave-to-enclave-ra/utils/Makefile&quot;  VERBOSE=1 logfile"/>
					<CompileFile command="/usr/bin/make -f &quot;/home/ncl/adev/SGX-enclave-to-enclave-ra/utils/Makefile&quot;  VERBOSE=1 &quot;$file&quot;"/>
					<Clean command="/usr/bin/make -f &quot;/home/ncl/adev/SGX-enclave-to-enclave-ra/utils/Makefile&quot;  VERBOSE=1 clean"/>
					<DistClean command="/usr/bin/make -f &quot;/home/ncl/adev/SGX-enclave-to-enclave-ra/utils/Makefile&quot;  VERBOSE=1 clean"/>
				</MakeCommands>
			</Target>
			<Target title="logfile/fast">
				<Option output="/home/ncl/adev/SGX-enclave-to-enclave-ra/utils/liblogfile.a" prefix_auto="0" extension_auto="0"/>
				<Option working_dir="/home/ncl/adev/SGX-enclave-to-enclave-ra/utils"/>
				<Option object_output="./"/>
				<Option type="2"/>
				<Option compiler="gcc"/>
				<Compiler>
					<Add directory="/home/ncl/linux-sgx/linux/installer/bin/sgxsdk/include"/>
				</Compiler>
				<MakeCommands>
					<Build command="/usr/bin/make -f &quot;/home/ncl/adev/SGX-enclave-to-enclave-ra/utils/Makefile&quot;  VERBOSE=1 logfile/fast"/>
					<CompileFile command="/usr/bin/make -f &quot;/home/ncl/adev/SGX-enclave-to-enclave-ra/utils/Makefile&quot;  VERBOSE=1 &quot;$file&quot;"/>
					<Clean command="/usr/bin/make -f &quot;/home/ncl/adev/SGX-enclave-to-enclave-ra/utils/Makefile&quot;  VERBOSE=1 clean"/>
					<DistClean command="/usr/bin/make -f &quot;/home/ncl/adev/SGX-enclave-to-enclave-ra/utils/Makefile&quot;  VERBOSE=1 clean"/>
				</MakeCommands>
			</Target>
			<Target title="base64">
				<Option output="/home/ncl/adev/SGX-enclave-to-enclave-ra/utils/libbase64.a" prefix_auto="0" extension_auto="0"/>
				<Option working_dir="/home/ncl/adev/SGX-enclave-to-enclave-ra/utils"/>
				<Option object_output="./"/>
				<Option type="2"/>
				<Option compiler="gcc"/>
				<Compiler>
					<Add directory="/home/ncl/linux-sgx/linux/installer/bin/sgxsdk/include"/>
				</Compiler>
				<MakeCommands>
					<Build command="/usr/bin/make -f &quot;/home/ncl/adev/SGX-enclave-to-enclave-ra/utils/Makefile&quot;  VERBOSE=1 base64"/>
					<CompileFile command="/usr/bin/make -f &quot;/home/ncl/adev/SGX-enclave-to-enclave-ra/utils/Makefile&quot;  VERBOSE=1 &quot;$file&quot;"/>
					<Clean command="/usr/bin/make -f &quot;/home/ncl/adev/SGX-enclave-to-enclave-ra/utils/Makefile&quot;  VERBOSE=1 clean"/>
					<DistClean command="/usr/bin/make -f &quot;/home/ncl/adev/SGX-enclave-to-enclave-ra/utils/Makefile&quot;  VERBOSE=1 clean"/>
				</MakeCommands>
			</Target>
			<Target title="base64/fast">
				<Option output="/home/ncl/adev/SGX-enclave-to-enclave-ra/utils/libbase64.a" prefix_auto="0" extension_auto="0"/>
				<Option working_dir="/home/ncl/adev/SGX-enclave-to-enclave-ra/utils"/>
				<Option object_output="./"/>
				<Option type="2"/>
				<Option compiler="gcc"/>
				<Compiler>
					<Add directory="/home/ncl/linux-sgx/linux/installer/bin/sgxsdk/include"/>
				</Compiler>
				<MakeCommands>
					<Build command="/usr/bin/make -f &quot;/home/ncl/adev/SGX-enclave-to-enclave-ra/utils/Makefile&quot;  VERBOSE=1 base64/fast"/>
					<CompileFile command="/usr/bin/make -f &quot;/home/ncl/adev/SGX-enclave-to-enclave-ra/utils/Makefile&quot;  VERBOSE=1 &quot;$file&quot;"/>
					<Clean command="/usr/bin/make -f &quot;/home/ncl/adev/SGX-enclave-to-enclave-ra/utils/Makefile&quot;  VERBOSE=1 clean"/>
					<DistClean command="/usr/bin/make -f &quot;/home/ncl/adev/SGX-enclave-to-enclave-ra/utils/Makefile&quot;  VERBOSE=1 clean"/>
				</MakeCommands>
			</Target>
			<Target title="byteorder">
				<Option output="/home/ncl/adev/SGX-enclave-to-enclave-ra/utils/libbyteorder.a" prefix_auto="0" extension_auto="0"/>
				<Option working_dir="/home/ncl/adev/SGX-enclave-to-enclave-ra/utils"/>
				<Option object_output="./"/>
				<Option type="2"/>
				<Option compiler="gcc"/>
				<Compiler>
					<Add directory="/home/ncl/linux-sgx/linux/installer/bin/sgxsdk/include"/>
				</Compiler>
				<MakeCommands>
					<Build command="/usr/bin/make -f &quot;/home/ncl/adev/SGX-enclave-to-enclave-ra/utils/Makefile&quot;  VERBOSE=1 byteorder"/>
					<CompileFile command="/usr/bin/make -f &quot;/home/ncl/adev/SGX-enclave-to-enclave-ra/utils/Makefile&quot;  VERBOSE=1 &quot;$file&quot;"/>
					<Clean command="/usr/bin/make -f &quot;/home/ncl/adev/SGX-enclave-to-enclave-ra/utils/Makefile&quot;  VERBOSE=1 clean"/>
					<DistClean command="/usr/bin/make -f &quot;/home/ncl/adev/SGX-enclave-to-enclave-ra/utils/Makefile&quot;  VERBOSE=1 clean"/>
				</MakeCommands>
			</Target>
			<Target title="byteorder/fast">
				<Option output="/home/ncl/adev/SGX-enclave-to-enclave-ra/utils/libbyteorder.a" prefix_auto="0" extension_auto="0"/>
				<Option working_dir="/home/ncl/adev/SGX-enclave-to-enclave-ra/utils"/>
				<Option object_output="./"/>
				<Option type="2"/>
				<Option compiler="gcc"/>
				<Compiler>
					<Add directory="/home/ncl/linux-sgx/linux/installer/bin/sgxsdk/include"/>
				</Compiler>
				<MakeCommands>
					<Build command="/usr/bin/make -f &quot;/home/ncl/adev/SGX-enclave-to-enclave-ra/utils/Makefile&quot;  VERBOSE=1 byteorder/fast"/>
					<CompileFile command="/usr/bin/make -f &quot;/home/ncl/adev/SGX-enclave-to-enclave-ra/utils/Makefile&quot;  VERBOSE=1 &quot;$file&quot;"/>
					<Clean command="/usr/bin/make -f &quot;/home/ncl/adev/SGX-enclave-to-enclave-ra/utils/Makefile&quot;  VERBOSE=1 clean"/>
					<DistClean command="/usr/bin/make -f &quot;/home/ncl/adev/SGX-enclave-to-enclave-ra/utils/Makefile&quot;  VERBOSE=1 clean"/>
				</MakeCommands>
			</Target>
			<Target title="crypto">
				<Option output="/home/ncl/adev/SGX-enclave-to-enclave-ra/crypto/libcrypto.a" prefix_auto="0" extension_auto="0"/>
				<Option working_dir="/home/ncl/adev/SGX-enclave-to-enclave-ra/crypto"/>
				<Option object_output="./"/>
				<Option type="2"/>
				<Option compiler="gcc"/>
				<Compiler>
					<Add directory="/home/ncl/linux-sgx/linux/installer/bin/sgxsdk/include"/>
				</Compiler>
				<MakeCommands>
					<Build command="/usr/bin/make -f &quot;/home/ncl/adev/SGX-enclave-to-enclave-ra/crypto/Makefile&quot;  VERBOSE=1 crypto"/>
					<CompileFile command="/usr/bin/make -f &quot;/home/ncl/adev/SGX-enclave-to-enclave-ra/crypto/Makefile&quot;  VERBOSE=1 &quot;$file&quot;"/>
					<Clean command="/usr/bin/make -f &quot;/home/ncl/adev/SGX-enclave-to-enclave-ra/crypto/Makefile&quot;  VERBOSE=1 clean"/>
					<DistClean command="/usr/bin/make -f &quot;/home/ncl/adev/SGX-enclave-to-enclave-ra/crypto/Makefile&quot;  VERBOSE=1 clean"/>
				</MakeCommands>
			</Target>
			<Target title="crypto/fast">
				<Option output="/home/ncl/adev/SGX-enclave-to-enclave-ra/crypto/libcrypto.a" prefix_auto="0" extension_auto="0"/>
				<Option working_dir="/home/ncl/adev/SGX-enclave-to-enclave-ra/crypto"/>
				<Option object_output="./"/>
				<Option type="2"/>
				<Option compiler="gcc"/>
				<Compiler>
					<Add directory="/home/ncl/linux-sgx/linux/installer/bin/sgxsdk/include"/>
				</Compiler>
				<MakeCommands>
					<Build command="/usr/bin/make -f &quot;/home/ncl/adev/SGX-enclave-to-enclave-ra/crypto/Makefile&quot;  VERBOSE=1 crypto/fast"/>
					<CompileFile command="/usr/bin/make -f &quot;/home/ncl/adev/SGX-enclave-to-enclave-ra/crypto/Makefile&quot;  VERBOSE=1 &quot;$file&quot;"/>
					<Clean command="/usr/bin/make -f &quot;/home/ncl/adev/SGX-enclave-to-enclave-ra/crypto/Makefile&quot;  VERBOSE=1 clean"/>
					<DistClean command="/usr/bin/make -f &quot;/home/ncl/adev/SGX-enclave-to-enclave-ra/crypto/Makefile&quot;  VERBOSE=1 clean"/>
				</MakeCommands>
			</Target>
			<Target title="client">
				<Option output="/home/ncl/adev/SGX-enclave-to-enclave-ra/isv/client" prefix_auto="0" extension_auto="0"/>
				<Option working_dir="/home/ncl/adev/SGX-enclave-to-enclave-ra/isv"/>
				<Option object_output="./"/>
				<Option type="1"/>
				<Option compiler="gcc"/>
				<Compiler>
					<Add directory="/home/ncl/linux-sgx/linux/installer/bin/sgxsdk/include"/>
					<Add directory="/home/ncl/adev/SGX-enclave-to-enclave-ra/isv"/>
				</Compiler>
				<MakeCommands>
					<Build command="/usr/bin/make -f &quot;/home/ncl/adev/SGX-enclave-to-enclave-ra/isv/Makefile&quot;  VERBOSE=1 client"/>
					<CompileFile command="/usr/bin/make -f &quot;/home/ncl/adev/SGX-enclave-to-enclave-ra/isv/Makefile&quot;  VERBOSE=1 &quot;$file&quot;"/>
					<Clean command="/usr/bin/make -f &quot;/home/ncl/adev/SGX-enclave-to-enclave-ra/isv/Makefile&quot;  VERBOSE=1 clean"/>
					<DistClean command="/usr/bin/make -f &quot;/home/ncl/adev/SGX-enclave-to-enclave-ra/isv/Makefile&quot;  VERBOSE=1 clean"/>
				</MakeCommands>
			</Target>
			<Target title="client/fast">
				<Option output="/home/ncl/adev/SGX-enclave-to-enclave-ra/isv/client" prefix_auto="0" extension_auto="0"/>
				<Option working_dir="/home/ncl/adev/SGX-enclave-to-enclave-ra/isv"/>
				<Option object_output="./"/>
				<Option type="1"/>
				<Option compiler="gcc"/>
				<Compiler>
					<Add directory="/home/ncl/linux-sgx/linux/installer/bin/sgxsdk/include"/>
					<Add directory="/home/ncl/adev/SGX-enclave-to-enclave-ra/isv"/>
				</Compiler>
				<MakeCommands>
					<Build command="/usr/bin/make -f &quot;/home/ncl/adev/SGX-enclave-to-enclave-ra/isv/Makefile&quot;  VERBOSE=1 client/fast"/>
					<CompileFile command="/usr/bin/make -f &quot;/home/ncl/adev/SGX-enclave-to-enclave-ra/isv/Makefile&quot;  VERBOSE=1 &quot;$file&quot;"/>
					<Clean command="/usr/bin/make -f &quot;/home/ncl/adev/SGX-enclave-to-enclave-ra/isv/Makefile&quot;  VERBOSE=1 clean"/>
					<DistClean command="/usr/bin/make -f &quot;/home/ncl/adev/SGX-enclave-to-enclave-ra/isv/Makefile&quot;  VERBOSE=1 clean"/>
				</MakeCommands>
			</Target>
			<Target title="Enclave-sign">
				<Option working_dir="/home/ncl/adev/SGX-enclave-to-enclave-ra/isv"/>
				<Option type="4"/>
				<MakeCommands>
					<Build command="/usr/bin/make -f &quot;/home/ncl/adev/SGX-enclave-to-enclave-ra/isv/Makefile&quot;  VERBOSE=1 Enclave-sign"/>
					<CompileFile command="/usr/bin/make -f &quot;/home/ncl/adev/SGX-enclave-to-enclave-ra/isv/Makefile&quot;  VERBOSE=1 &quot;$file&quot;"/>
					<Clean command="/usr/bin/make -f &quot;/home/ncl/adev/SGX-enclave-to-enclave-ra/isv/Makefile&quot;  VERBOSE=1 clean"/>
					<DistClean command="/usr/bin/make -f &quot;/home/ncl/adev/SGX-enclave-to-enclave-ra/isv/Makefile&quot;  VERBOSE=1 clean"/>
				</MakeCommands>
			</Target>
			<Target title="Enclave-edlobj">
				<Option output="/home/ncl/adev/SGX-enclave-to-enclave-ra/isv/CMakeFiles/Enclave-edlobj.dir/Enclave-edlobj.objlib" prefix_auto="0" extension_auto="0"/>
				<Option working_dir="/home/ncl/adev/SGX-enclave-to-enclave-ra/isv"/>
				<Option object_output="./"/>
				<Option type="2"/>
				<Option compiler="gcc"/>
				<Compiler>
					<Add directory="/home/ncl/linux-sgx/linux/installer/bin/sgxsdk/include"/>
					<Add directory="/home/ncl/adev/SGX-enclave-to-enclave-ra/isv"/>
				</Compiler>
				<MakeCommands>
					<Build command="/usr/bin/make -f &quot;/home/ncl/adev/SGX-enclave-to-enclave-ra/isv/Makefile&quot;  VERBOSE=1 Enclave-edlobj"/>
					<CompileFile command="/usr/bin/make -f &quot;/home/ncl/adev/SGX-enclave-to-enclave-ra/isv/Makefile&quot;  VERBOSE=1 &quot;$file&quot;"/>
					<Clean command="/usr/bin/make -f &quot;/home/ncl/adev/SGX-enclave-to-enclave-ra/isv/Makefile&quot;  VERBOSE=1 clean"/>
					<DistClean command="/usr/bin/make -f &quot;/home/ncl/adev/SGX-enclave-to-enclave-ra/isv/Makefile&quot;  VERBOSE=1 clean"/>
				</MakeCommands>
			</Target>
			<Target title="Enclave-edlobj/fast">
				<Option output="/home/ncl/adev/SGX-enclave-to-enclave-ra/isv/CMakeFiles/Enclave-edlobj.dir/Enclave-edlobj.objlib" prefix_auto="0" extension_auto="0"/>
				<Option working_dir="/home/ncl/adev/SGX-enclave-to-enclave-ra/isv"/>
				<Option object_output="./"/>
				<Option type="2"/>
				<Option compiler="gcc"/>
				<Compiler>
					<Add directory="/home/ncl/linux-sgx/linux/installer/bin/sgxsdk/include"/>
					<Add directory="/home/ncl/adev/SGX-enclave-to-enclave-ra/isv"/>
				</Compiler>
				<MakeCommands>
					<Build command="/usr/bin/make -f &quot;/home/ncl/adev/SGX-enclave-to-enclave-ra/isv/Makefile&quot;  VERBOSE=1 Enclave-edlobj/fast"/>
					<CompileFile command="/usr/bin/make -f &quot;/home/ncl/adev/SGX-enclave-to-enclave-ra/isv/Makefile&quot;  VERBOSE=1 &quot;$file&quot;"/>
					<Clean command="/usr/bin/make -f &quot;/home/ncl/adev/SGX-enclave-to-enclave-ra/isv/Makefile&quot;  VERBOSE=1 clean"/>
					<DistClean command="/usr/bin/make -f &quot;/home/ncl/adev/SGX-enclave-to-enclave-ra/isv/Makefile&quot;  VERBOSE=1 clean"/>
				</MakeCommands>
			</Target>
			<Target title="Enclave">
				<Option output="/home/ncl/adev/SGX-enclave-to-enclave-ra/isv/libEnclave.so" prefix_auto="0" extension_auto="0"/>
				<Option working_dir="/home/ncl/adev/SGX-enclave-to-enclave-ra/isv"/>
				<Option object_output="./"/>
				<Option type="3"/>
				<Option compiler="gcc"/>
				<Compiler>
					<Add directory="/home/ncl/linux-sgx/linux/installer/bin/sgxsdk/include"/>
					<Add directory="/home/ncl/adev/SGX-enclave-to-enclave-ra/isv"/>
				</Compiler>
				<MakeCommands>
					<Build command="/usr/bin/make -f &quot;/home/ncl/adev/SGX-enclave-to-enclave-ra/isv/Makefile&quot;  VERBOSE=1 Enclave"/>
					<CompileFile command="/usr/bin/make -f &quot;/home/ncl/adev/SGX-enclave-to-enclave-ra/isv/Makefile&quot;  VERBOSE=1 &quot;$file&quot;"/>
					<Clean command="/usr/bin/make -f &quot;/home/ncl/adev/SGX-enclave-to-enclave-ra/isv/Makefile&quot;  VERBOSE=1 clean"/>
					<DistClean command="/usr/bin/make -f &quot;/home/ncl/adev/SGX-enclave-to-enclave-ra/isv/Makefile&quot;  VERBOSE=1 clean"/>
				</MakeCommands>
			</Target>
			<Target title="Enclave/fast">
				<Option output="/home/ncl/adev/SGX-enclave-to-enclave-ra/isv/libEnclave.so" prefix_auto="0" extension_auto="0"/>
				<Option working_dir="/home/ncl/adev/SGX-enclave-to-enclave-ra/isv"/>
				<Option object_output="./"/>
				<Option type="3"/>
				<Option compiler="gcc"/>
				<Compiler>
					<Add directory="/home/ncl/linux-sgx/linux/installer/bin/sgxsdk/include"/>
					<Add directory="/home/ncl/adev/SGX-enclave-to-enclave-ra/isv"/>
				</Compiler>
				<MakeCommands>
					<Build command="/usr/bin/make -f &quot;/home/ncl/adev/SGX-enclave-to-enclave-ra/isv/Makefile&quot;  VERBOSE=1 Enclave/fast"/>
					<CompileFile command="/usr/bin/make -f &quot;/home/ncl/adev/SGX-enclave-to-enclave-ra/isv/Makefile&quot;  VERBOSE=1 &quot;$file&quot;"/>
					<Clean command="/usr/bin/make -f &quot;/home/ncl/adev/SGX-enclave-to-enclave-ra/isv/Makefile&quot;  VERBOSE=1 clean"/>
					<DistClean command="/usr/bin/make -f &quot;/home/ncl/adev/SGX-enclave-to-enclave-ra/isv/Makefile&quot;  VERBOSE=1 clean"/>
				</MakeCommands>
			</Target>
		</Build>
		<Unit filename="/home/ncl/adev/SGX-enclave-to-enclave-ra/crypto/crypto.c">
			<Option target="crypto"/>
		</Unit>
		<Unit filename="/home/ncl/adev/SGX-enclave-to-enclave-ra/crypto/crypto.h">
			<Option target="crypto"/>
		</Unit>
		<Unit filename="/home/ncl/adev/SGX-enclave-to-enclave-ra/isv/CMakeFiles/Enclave-edlobj.dir/Enclave_t.c.o">
			<Option target="Enclave"/>
		</Unit>
		<Unit filename="/home/ncl/adev/SGX-enclave-to-enclave-ra/isv/Enclave/Enclave.cpp">
			<Option target="Enclave"/>
		</Unit>
		<Unit filename="/home/ncl/adev/SGX-enclave-to-enclave-ra/isv/Enclave/Enclave.h">
			<Option target="Enclave"/>
		</Unit>
		<Unit filename="/home/ncl/adev/SGX-enclave-to-enclave-ra/isv/Enclave_t.c">
			<Option target="Enclave-edlobj"/>
		</Unit>
		<Unit filename="/home/ncl/adev/SGX-enclave-to-enclave-ra/isv/Enclave_t.c.rule">
			<Option target="Enclave-edlobj"/>
		</Unit>
		<Unit filename="/home/ncl/adev/SGX-enclave-to-enclave-ra/isv/Enclave_u.c">
			<Option target="client"/>
		</Unit>
		<Unit filename="/home/ncl/adev/SGX-enclave-to-enclave-ra/isv/Enclave_u.c.rule">
			<Option target="client"/>
		</Unit>
		<Unit filename="/home/ncl/adev/SGX-enclave-to-enclave-ra/isv/client.cpp">
			<Option target="client"/>
		</Unit>
		<Unit filename="/home/ncl/adev/SGX-enclave-to-enclave-ra/utils/base64.c">
			<Option target="base64"/>
		</Unit>
		<Unit filename="/home/ncl/adev/SGX-enclave-to-enclave-ra/utils/base64.h">
			<Option target="base64"/>
		</Unit>
		<Unit filename="/home/ncl/adev/SGX-enclave-to-enclave-ra/utils/byteorder.c">
			<Option target="byteorder"/>
		</Unit>
		<Unit filename="/home/ncl/adev/SGX-enclave-to-enclave-ra/utils/byteorder.h">
			<Option target="byteorder"/>
		</Unit>
		<Unit filename="/home/ncl/adev/SGX-enclave-to-enclave-ra/utils/common.cpp">
			<Option target="common"/>
		</Unit>
		<Unit filename="/home/ncl/adev/SGX-enclave-to-enclave-ra/utils/common.h">
			<Option target="common"/>
		</Unit>
		<Unit filename="/home/ncl/adev/SGX-enclave-to-enclave-ra/utils/hexutil.c">
			<Option target="hexutil"/>
		</Unit>
		<Unit filename="/home/ncl/adev/SGX-enclave-to-enclave-ra/utils/hexutil.h">
			<Option target="hexutil"/>
		</Unit>
		<Unit filename="/home/ncl/adev/SGX-enclave-to-enclave-ra/utils/logfile.c">
			<Option target="logfile"/>
		</Unit>
		<Unit filename="/home/ncl/adev/SGX-enclave-to-enclave-ra/utils/logfile.h">
			<Option target="logfile"/>
		</Unit>
		<Unit filename="/home/ncl/adev/SGX-enclave-to-enclave-ra/utils/msgio.cpp">
			<Option target="msgio"/>
		</Unit>
		<Unit filename="/home/ncl/adev/SGX-enclave-to-enclave-ra/utils/msgio.h">
			<Option target="msgio"/>
		</Unit>
		<Unit filename="/home/ncl/adev/SGX-enclave-to-enclave-ra/CMakeLists.txt">
			<Option virtualFolder="CMake Files\"/>
		</Unit>
		<Unit filename="/home/ncl/adev/SGX-enclave-to-enclave-ra/cmake/FindSGX.cmake">
			<Option virtualFolder="CMake Files\cmake\"/>
		</Unit>
		<Unit filename="/home/ncl/adev/SGX-enclave-to-enclave-ra/utils/CMakeLists.txt">
			<Option virtualFolder="CMake Files\utils\"/>
		</Unit>
		<Unit filename="/home/ncl/adev/SGX-enclave-to-enclave-ra/crypto/CMakeLists.txt">
			<Option virtualFolder="CMake Files\crypto\"/>
		</Unit>
		<Unit filename="/home/ncl/adev/SGX-enclave-to-enclave-ra/isv/CMakeLists.txt">
			<Option virtualFolder="CMake Files\isv\"/>
		</Unit>
	</Project>
</CodeBlocks_project_file>
